dependencies:
  espressif/esp_modem:
    component_hash: e48da33fee082dd9d9a97a354a228057e07a14ac108766b40ad84e018205410a
    source:
      service_url: https://api.components.espressif.com/
      type: service
    version: 1.1.0
  espressif/jsmn:
    component_hash: d80350c41bbaa827c98a25b6072df00884e72f54885996fab4a4f0aebce6b6c3
    source:
      service_url: https://api.components.espressif.com/
      type: service
    version: 1.1.0
  idf:
    component_hash: null
    source:
      type: idf
    version: 5.1.2
  igrr/nvs-dotenv:
    component_hash: ee592883d24da7300bcae449b45df2cd908de54a400ec4b7b5d742f6c7b182d3
    source:
      service_url: https://api.components.espressif.com/
      type: service
    version: 1.0.0
manifest_hash: ddfdb97b0e04b9db668078814474eb1c8e1b71204946da9f25735c31fc18ef12
target: esp32
version: 1.0.0
